
Microsoft Visual Studio Solution File, Format Version 10.00
# Visual Studio 2008
Project("{FAE04EC0-301F-11D3-BF4B-00C04F79EFBC}") = "Logging", "Logging\Logging.csproj", "{4A00CDFD-7766-4539-A011-2BC36D66E4C6}"
EndProject
Project("{2150E333-8FDC-42A3-9474-1A3956D46DE8}") = "Unit Tests", "Unit Tests", "{18892336-CB2B-4E31-8D87-63DD8E58E08C}"
EndProject
Project("{FAE04EC0-301F-11D3-BF4B-00C04F79EFBC}") = "Logging.Tests", "Unit Tests\Logging.Tests\Logging.Tests.csproj", "{DFB858CB-ADA4-452E-9A1F-4D9B8F104FC7}"
EndProject
Global
	GlobalSection(SolutionConfigurationPlatforms) = preSolution
		Debug|Any CPU = Debug|Any CPU
		Release|Any CPU = Release|Any CPU
	EndGlobalSection
	GlobalSection(ProjectConfigurationPlatforms) = postSolution
		{4A00CDFD-7766-4539-A011-2BC36D66E4C6}.Debug|Any CPU.ActiveCfg = Debug|Any CPU
		{4A00CDFD-7766-4539-A011-2BC36D66E4C6}.Debug|Any CPU.Build.0 = Debug|Any CPU
		{4A00CDFD-7766-4539-A011-2BC36D66E4C6}.Release|Any CPU.ActiveCfg = Release|Any CPU
		{4A00CDFD-7766-4539-A011-2BC36D66E4C6}.Release|Any CPU.Build.0 = Release|Any CPU
		{DFB858CB-ADA4-452E-9A1F-4D9B8F104FC7}.Debug|Any CPU.ActiveCfg = Debug|Any CPU
		{DFB858CB-ADA4-452E-9A1F-4D9B8F104FC7}.Debug|Any CPU.Build.0 = Debug|Any CPU
		{DFB858CB-ADA4-452E-9A1F-4D9B8F104FC7}.Release|Any CPU.ActiveCfg = Release|Any CPU
		{DFB858CB-ADA4-452E-9A1F-4D9B8F104FC7}.Release|Any CPU.Build.0 = Release|Any CPU
	EndGlobalSection
	GlobalSection(SolutionProperties) = preSolution
		HideSolutionNode = FALSE
	EndGlobalSection
	GlobalSection(NestedProjects) = preSolution
		{DFB858CB-ADA4-452E-9A1F-4D9B8F104FC7} = {18892336-CB2B-4E31-8D87-63DD8E58E08C}
	EndGlobalSection
EndGlobal
